# This file is automatically @generated by Cargo.
# It is not intended for manual editing.
version = 3

[[package]]
name = "addr2line"
version = "0.21.0"
source = "registry+https://github.com/rust-lang/crates.io-index"
checksum = "8a30b2e23b9e17a9f90641c7ab1549cd9b44f296d3ccbf309d2863cfe398a0cb"
dependencies = [
 "gimli",
]

[[package]]
name = "adler"
version = "1.0.2"
source = "registry+https://github.com/rust-lang/crates.io-index"
checksum = "f26201604c87b1e01bd3d98f8d5d9a8fcbb815e8cedb41ffccbeb4bf593a35fe"

[[package]]
name = "ahash"
version = "0.7.7"
source = "registry+https://github.com/rust-lang/crates.io-index"
checksum = "5a824f2aa7e75a0c98c5a504fceb80649e9c35265d44525b5f94de4771a395cd"
dependencies = [
 "getrandom",
 "once_cell",
 "version_check",
]

[[package]]
name = "ahash"
version = "0.8.7"
source = "registry+https://github.com/rust-lang/crates.io-index"
checksum = "77c3a9648d43b9cd48db467b3f87fdd6e146bcc88ab0180006cef2179fe11d01"
dependencies = [
 "cfg-if",
 "once_cell",
 "version_check",
 "zerocopy",
]

[[package]]
name = "aho-corasick"
version = "1.1.2"
source = "registry+https://github.com/rust-lang/crates.io-index"
checksum = "b2969dcb958b36655471fc61f7e416fa76033bdd4bfed0678d8fee1e2d07a1f0"
dependencies = [
 "memchr",
]

[[package]]
name = "allocator-api2"
version = "0.2.16"
source = "registry+https://github.com/rust-lang/crates.io-index"
checksum = "0942ffc6dcaadf03badf6e6a2d0228460359d5e34b57ccdc720b7382dfbd5ec5"

[[package]]
name = "ammonia"
version = "3.3.0"
source = "registry+https://github.com/rust-lang/crates.io-index"
checksum = "64e6d1c7838db705c9b756557ee27c384ce695a1c51a6fe528784cb1c6840170"
dependencies = [
 "html5ever",
 "maplit",
 "once_cell",
 "tendril",
 "url",
]

[[package]]
name = "android-tzdata"
version = "0.1.1"
source = "registry+https://github.com/rust-lang/crates.io-index"
checksum = "e999941b234f3131b00bc13c22d06e8c5ff726d1b6318ac7eb276997bbb4fef0"

[[package]]
name = "android_system_properties"
version = "0.1.5"
source = "registry+https://github.com/rust-lang/crates.io-index"
checksum = "819e7219dbd41043ac279b19830f2efc897156490d7fd6ea916720117ee66311"
dependencies = [
 "libc",
]

[[package]]
name = "anyhow"
version = "1.0.78"
source = "registry+https://github.com/rust-lang/crates.io-index"
checksum = "ca87830a3e3fb156dc96cfbd31cb620265dd053be734723f22b760d6cc3c3051"

[[package]]
name = "async-channel"
version = "1.9.0"
source = "registry+https://github.com/rust-lang/crates.io-index"
checksum = "81953c529336010edd6d8e358f886d9581267795c61b19475b71314bffa46d35"
dependencies = [
 "concurrent-queue",
 "event-listener 2.5.3",
 "futures-core",
]

[[package]]
name = "async-channel"
version = "2.1.1"
source = "registry+https://github.com/rust-lang/crates.io-index"
checksum = "1ca33f4bc4ed1babef42cad36cc1f51fa88be00420404e5b1e80ab1b18f7678c"
dependencies = [
 "concurrent-queue",
 "event-listener 4.0.2",
 "event-listener-strategy",
 "futures-core",
 "pin-project-lite",
]

[[package]]
name = "async-executor"
version = "1.8.0"
source = "registry+https://github.com/rust-lang/crates.io-index"
checksum = "17ae5ebefcc48e7452b4987947920dac9450be1110cadf34d1b8c116bdbaf97c"
dependencies = [
 "async-lock 3.2.0",
 "async-task",
 "concurrent-queue",
 "fastrand 2.0.1",
 "futures-lite 2.1.0",
 "slab",
]

[[package]]
name = "async-global-executor"
version = "2.4.1"
source = "registry+https://github.com/rust-lang/crates.io-index"
checksum = "05b1b633a2115cd122d73b955eadd9916c18c8f510ec9cd1686404c60ad1c29c"
dependencies = [
 "async-channel 2.1.1",
 "async-executor",
 "async-io 2.2.2",
 "async-lock 3.2.0",
 "blocking",
 "futures-lite 2.1.0",
 "once_cell",
]

[[package]]
name = "async-io"
version = "1.13.0"
source = "registry+https://github.com/rust-lang/crates.io-index"
checksum = "0fc5b45d93ef0529756f812ca52e44c221b35341892d3dcc34132ac02f3dd2af"
dependencies = [
 "async-lock 2.8.0",
 "autocfg",
 "cfg-if",
 "concurrent-queue",
 "futures-lite 1.13.0",
 "log",
 "parking",
 "polling 2.8.0",
 "rustix 0.37.27",
 "slab",
 "socket2 0.4.10",
 "waker-fn",
]

[[package]]
name = "async-io"
version = "2.2.2"
source = "registry+https://github.com/rust-lang/crates.io-index"
checksum = "6afaa937395a620e33dc6a742c593c01aced20aa376ffb0f628121198578ccc7"
dependencies = [
 "async-lock 3.2.0",
 "cfg-if",
 "concurrent-queue",
 "futures-io",
 "futures-lite 2.1.0",
 "parking",
 "polling 3.3.1",
 "rustix 0.38.28",
 "slab",
 "tracing",
 "windows-sys 0.52.0",
]

[[package]]
name = "async-lock"
version = "2.8.0"
source = "registry+https://github.com/rust-lang/crates.io-index"
checksum = "287272293e9d8c41773cec55e365490fe034813a2f172f502d6ddcf75b2f582b"
dependencies = [
 "event-listener 2.5.3",
]

[[package]]
name = "async-lock"
version = "3.2.0"
source = "registry+https://github.com/rust-lang/crates.io-index"
checksum = "7125e42787d53db9dd54261812ef17e937c95a51e4d291373b670342fa44310c"
dependencies = [
 "event-listener 4.0.2",
 "event-listener-strategy",
 "pin-project-lite",
]

[[package]]
name = "async-process"
version = "1.8.1"
source = "registry+https://github.com/rust-lang/crates.io-index"
checksum = "ea6438ba0a08d81529c69b36700fa2f95837bfe3e776ab39cde9c14d9149da88"
dependencies = [
 "async-io 1.13.0",
 "async-lock 2.8.0",
 "async-signal",
 "blocking",
 "cfg-if",
 "event-listener 3.1.0",
 "futures-lite 1.13.0",
 "rustix 0.38.28",
 "windows-sys 0.48.0",
]

[[package]]
name = "async-signal"
version = "0.2.5"
source = "registry+https://github.com/rust-lang/crates.io-index"
checksum = "9e47d90f65a225c4527103a8d747001fc56e375203592b25ad103e1ca13124c5"
dependencies = [
 "async-io 2.2.2",
 "async-lock 2.8.0",
 "atomic-waker",
 "cfg-if",
 "futures-core",
 "futures-io",
 "rustix 0.38.28",
 "signal-hook-registry",
 "slab",
 "windows-sys 0.48.0",
]

[[package]]
name = "async-std"
version = "1.12.0"
source = "registry+https://github.com/rust-lang/crates.io-index"
checksum = "62565bb4402e926b29953c785397c6dc0391b7b446e45008b0049eb43cec6f5d"
dependencies = [
 "async-channel 1.9.0",
 "async-global-executor",
 "async-io 1.13.0",
 "async-lock 2.8.0",
 "async-process",
 "crossbeam-utils",
 "futures-channel",
 "futures-core",
 "futures-io",
 "futures-lite 1.13.0",
 "gloo-timers",
 "kv-log-macro",
 "log",
 "memchr",
 "once_cell",
 "pin-project-lite",
 "pin-utils",
 "slab",
 "wasm-bindgen-futures",
]

[[package]]
name = "async-task"
version = "4.6.0"
source = "registry+https://github.com/rust-lang/crates.io-index"
checksum = "e1d90cd0b264dfdd8eb5bad0a2c217c1f88fa96a8573f40e7b12de23fb468f46"

[[package]]
name = "async-trait"
version = "0.1.76"
source = "registry+https://github.com/rust-lang/crates.io-index"
checksum = "531b97fb4cd3dfdce92c35dedbfdc1f0b9d8091c8ca943d6dae340ef5012d514"
dependencies = [
 "proc-macro2",
 "quote",
 "syn 2.0.45",
]

[[package]]
name = "atoi"
version = "1.0.0"
source = "registry+https://github.com/rust-lang/crates.io-index"
checksum = "d7c57d12312ff59c811c0643f4d80830505833c9ffaebd193d819392b265be8e"
dependencies = [
 "num-traits",
]

[[package]]
name = "atomic-waker"
version = "1.1.2"
source = "registry+https://github.com/rust-lang/crates.io-index"
checksum = "1505bd5d3d116872e7271a6d4e16d81d0c8570876c8de68093a09ac269d8aac0"

[[package]]
name = "autocfg"
version = "1.1.0"
source = "registry+https://github.com/rust-lang/crates.io-index"
checksum = "d468802bab17cbc0cc575e9b053f41e72aa36bfa6b7f55e3529ffa43161b97fa"

[[package]]
name = "axum"
version = "0.6.20"
source = "registry+https://github.com/rust-lang/crates.io-index"
checksum = "3b829e4e32b91e643de6eafe82b1d90675f5874230191a4ffbc1b336dec4d6bf"
dependencies = [
 "async-trait",
 "axum-core",
 "bitflags 1.3.2",
 "bytes",
 "futures-util",
 "headers",
 "http",
 "http-body",
 "hyper",
 "itoa",
 "matchit",
 "memchr",
 "mime",
 "percent-encoding",
 "pin-project-lite",
 "rustversion",
 "serde",
 "serde_json",
 "serde_path_to_error",
 "serde_urlencoded",
 "sync_wrapper",
 "tokio",
 "tower",
 "tower-layer",
 "tower-service",
]

[[package]]
name = "axum-core"
version = "0.3.4"
source = "registry+https://github.com/rust-lang/crates.io-index"
checksum = "759fa577a247914fd3f7f76d62972792636412fbfd634cd452f6a385a74d2d2c"
dependencies = [
 "async-trait",
 "bytes",
 "futures-util",
 "http",
 "http-body",
 "mime",
 "rustversion",
 "tower-layer",
 "tower-service",
]

[[package]]
name = "axum-macros"
version = "0.3.8"
source = "registry+https://github.com/rust-lang/crates.io-index"
checksum = "cdca6a10ecad987bda04e95606ef85a5417dcaac1a78455242d72e031e2b6b62"
dependencies = [
 "heck",
 "proc-macro2",
 "quote",
 "syn 2.0.45",
]

[[package]]
name = "backtrace"
version = "0.3.69"
source = "registry+https://github.com/rust-lang/crates.io-index"
checksum = "2089b7e3f35b9dd2d0ed921ead4f6d318c27680d4a5bd167b3ee120edb105837"
dependencies = [
 "addr2line",
 "cc",
 "cfg-if",
 "libc",
 "miniz_oxide",
 "object",
 "rustc-demangle",
]

[[package]]
name = "base64"
version = "0.13.1"
source = "registry+https://github.com/rust-lang/crates.io-index"
checksum = "9e1b586273c5702936fe7b7d6896644d8be71e6314cfe09d3167c95f712589e8"

[[package]]
name = "base64"
version = "0.21.5"
source = "registry+https://github.com/rust-lang/crates.io-index"
checksum = "35636a1494ede3b646cc98f74f8e62c773a38a659ebc777a2cf26b9b74171df9"

[[package]]
name = "bitflags"
version = "1.3.2"
source = "registry+https://github.com/rust-lang/crates.io-index"
checksum = "bef38d45163c2f1dde094a7dfd33ccf595c92905c8f8f4fdc18d06fb1037718a"

[[package]]
name = "bitflags"
version = "2.4.1"
source = "registry+https://github.com/rust-lang/crates.io-index"
checksum = "327762f6e5a765692301e5bb513e0d9fef63be86bbc14528052b1cd3e6f03e07"

[[package]]
name = "block-buffer"
version = "0.